
Microsoft Visual Studio Solution File, Format Version 12.00
# Visual Studio Version 16
VisualStudioVersion = 16.0.33801.447
MinimumVisualStudioVersion = 10.0.40219.1
Project("{FAE04EC0-301F-11D3-BF4B-00C04F79EFBC}") = "LAB_TASK", "LAB_TASK\LAB_TASK.csproj", "{8C08D015-52BB-4599-B2EE-6BD8C8E14546}"
EndProject
Global
	GlobalSection(SolutionConfigurationPlatforms) = preSolution
		Debug|Any CPU = Debug|Any CPU
		Release|Any CPU = Release|Any CPU
	EndGlobalSection
	GlobalSection(ProjectConfigurationPlatforms) = postSolution
		{8C08D015-52BB-4599-B2EE-6BD8C8E14546}.Debug|Any CPU.ActiveCfg = Debug|Any CPU
		{8C08D015-52BB-4599-B2EE-6BD8C8E14546}.Debug|Any CPU.Build.0 = Debug|Any CPU
		{8C08D015-52BB-4599-B2EE-6BD8C8E14546}.Release|Any CPU.ActiveCfg = Release|Any CPU
		{8C08D015-52BB-4599-B2EE-6BD8C8E14546}.Release|Any CPU.Build.0 = Release|Any CPU
	EndGlobalSection
	GlobalSection(SolutionProperties) = preSolution
		HideSolutionNode = FALSE
	EndGlobalSection
	GlobalSection(ExtensibilityGlobals) = postSolution
		SolutionGuid = {8311735A-4B82-4751-A7B8-9C08C5505127}
	EndGlobalSection
EndGlobal
