
Microsoft Visual Studio Solution File, Format Version 12.00
# Visual Studio Version 17
VisualStudioVersion = 17.7.34018.315
MinimumVisualStudioVersion = 10.0.40219.1
Project("{FAE04EC0-301F-11D3-BF4B-00C04F79EFBC}") = "Task-1", "Task-1\Task-1.csproj", "{8F0B0E50-E0A6-4CCE-946A-DDC2535D8B75}"
EndProject
Global
	GlobalSection(SolutionConfigurationPlatforms) = preSolution
		Debug|Any CPU = Debug|Any CPU
		Release|Any CPU = Release|Any CPU
	EndGlobalSection
	GlobalSection(ProjectConfigurationPlatforms) = postSolution
		{8F0B0E50-E0A6-4CCE-946A-DDC2535D8B75}.Debug|Any CPU.ActiveCfg = Debug|Any CPU
		{8F0B0E50-E0A6-4CCE-946A-DDC2535D8B75}.Debug|Any CPU.Build.0 = Debug|Any CPU
		{8F0B0E50-E0A6-4CCE-946A-DDC2535D8B75}.Release|Any CPU.ActiveCfg = Release|Any CPU
		{8F0B0E50-E0A6-4CCE-946A-DDC2535D8B75}.Release|Any CPU.Build.0 = Release|Any CPU
	EndGlobalSection
	GlobalSection(SolutionProperties) = preSolution
		HideSolutionNode = FALSE
	EndGlobalSection
	GlobalSection(ExtensibilityGlobals) = postSolution
		SolutionGuid = {970E167D-1067-4C33-B9F6-76865C1173E6}
	EndGlobalSection
EndGlobal
